// !$*UTF8*$!
{
	archiveVersion = 1;
	classes = {
	};
	objectVersion = 56;
	objects = {

/* Begin PBXBuildFile section */
		6E8B91C6295D2B6900B0365B /* ReminderAbbyZoeApp.swift in Sources */ = {isa = PBXBuildFile; fileRef = 6E8B91C5295D2B6900B0365B /* ReminderAbbyZoeApp.swift */; };
		6E8B91C8295D2B6900B0365B /* ContentView.swift in Sources */ = {isa = PBXBuildFile; fileRef = 6E8B91C7295D2B6900B0365B /* ContentView.swift */; };
		6E8B91CA295D2B6A00B0365B /* Assets.xcassets in Resources */ = {isa = PBXBuildFile; fileRef = 6E8B91C9295D2B6A00B0365B /* Assets.xcassets */; };
		6E8B91CE295D2B6A00B0365B /* Preview Assets.xcassets in Resources */ = {isa = PBXBuildFile; fileRef = 6E8B91CD295D2B6A00B0365B /* Preview Assets.xcassets */; };
		6E8B91D8295D2B6A00B0365B /* ReminderAbbyZoeTests.swift in Sources */ = {isa = PBXBuildFile; fileRef = 6E8B91D7295D2B6A00B0365B /* ReminderAbbyZoeTests.swift */; };
		6E8B91E2295D2B6A00B0365B /* ReminderAbbyZoeUITests.swift in Sources */ = {isa = PBXBuildFile; fileRef = 6E8B91E1295D2B6A00B0365B /* ReminderAbbyZoeUITests.swift */; };
		6E8B91E4295D2B6A00B0365B /* ReminderAbbyZoeUITestsLaunchTests.swift in Sources */ = {isa = PBXBuildFile; fileRef = 6E8B91E3295D2B6A00B0365B /* ReminderAbbyZoeUITestsLaunchTests.swift */; };
		6E8B91F1295D2B9C00B0365B /* DataStore.swift in Sources */ = {isa = PBXBuildFile; fileRef = 6E8B91F0295D2B9C00B0365B /* DataStore.swift */; };
		6E8B91F3295D2F5D00B0365B /* Extensions.swift in Sources */ = {isa = PBXBuildFile; fileRef = 6E8B91F2295D2F5D00B0365B /* Extensions.swift */; };
/* End PBXBuildFile section */

/* Begin PBXContainerItemProxy section */
		6E8B91D4295D2B6A00B0365B /* PBXContainerItemProxy */ = {
			isa = PBXContainerItemProxy;
			containerPortal = 6E8B91BA295D2B6900B0365B /* Project object */;
			proxyType = 1;
			remoteGlobalIDString = 6E8B91C1295D2B6900B0365B;
			remoteInfo = ReminderAbbyZoe;
		};
		6E8B91DE295D2B6A00B0365B /* PBXContainerItemProxy */ = {
			isa = PBXContainerItemProxy;
			containerPortal = 6E8B91BA295D2B6900B0365B /* Project object */;
			proxyType = 1;
			remoteGlobalIDString = 6E8B91C1295D2B6900B0365B;
			remoteInfo = ReminderAbbyZoe;
		};
/* End PBXContainerItemProxy section */

/* Begin PBXFileReference section */
		6E8B91C2295D2B6900B0365B /* ReminderAbbyZoe.app */ = {isa = PBXFileReference; explicitFileType = wrapper.application; includeInIndex = 0; path = ReminderAbbyZoe.app; sourceTree = BUILT_PRODUCTS_DIR; };
		6E8B91C5295D2B6900B0365B /* ReminderAbbyZoeApp.swift */ = {isa = PBXFileReference; lastKnownFileType = sourcecode.swift; path = ReminderAbbyZoeApp.swift; sourceTree = "<group>"; };
		6E8B91C7295D2B6900B0365B /* ContentView.swift */ = {isa = PBXFileReference; lastKnownFileType = sourcecode.swift; path = ContentView.swift; sourceTree = "<group>"; };
		6E8B91C9295D2B6A00B0365B /* Assets.xcassets */ = {isa = PBXFileReference; lastKnownFileType = folder.assetcatalog; path = Assets.xcassets; sourceTree = "<group>"; };
		6E8B91CB295D2B6A00B0365B /* ReminderAbbyZoe.entitlements */ = {isa = PBXFileReference; lastKnownFileType = text.plist.entitlements; path = ReminderAbbyZoe.entitlements; sourceTree = "<group>"; };
		6E8B91CD295D2B6A00B0365B /* Preview Assets.xcassets */ = {isa = PBXFileReference; lastKnownFileType = folder.assetcatalog; path = "Preview Assets.xcassets"; sourceTree = "<group>"; };
		6E8B91D3295D2B6A00B0365B /* ReminderAbbyZoeTests.xctest */ = {isa = PBXFileReference; explicitFileType = wrapper.cfbundle; includeInIndex = 0; path = ReminderAbbyZoeTests.xctest; sourceTree = BUILT_PRODUCTS_DIR; };
		6E8B91D7295D2B6A00B0365B /* ReminderAbbyZoeTests.swift */ = {isa = PBXFileReference; lastKnownFileType = sourcecode.swift; path = ReminderAbbyZoeTests.swift; sourceTree = "<group>"; };
		6E8B91DD295D2B6A00B0365B /* ReminderAbbyZoeUITests.xctest */ = {isa = PBXFileReference; explicitFileType = wrapper.cfbundle; includeInIndex = 0; path = ReminderAbbyZoeUITests.xctest; sourceTree = BUILT_PRODUCTS_DIR; };
		6E8B91E1295D2B6A00B0365B /* ReminderAbbyZoeUITests.swift */ = {isa = PBXFileReference; lastKnownFileType = sourcecode.swift; path = ReminderAbbyZoeUITests.swift; sourceTree = "<group>"; };
		6E8B91E3295D2B6A00B0365B /* ReminderAbbyZoeUITestsLaunchTests.swift */ = {isa = PBXFileReference; lastKnownFileType = sourcecode.swift; path = ReminderAbbyZoeUITestsLaunchTests.swift; sourceTree = "<group>"; };
		6E8B91F0295D2B9C00B0365B /* DataStore.swift */ = {isa = PBXFileReference; lastKnownFileType = sourcecode.swift; path = DataStore.swift; sourceTree = "<group>"; };
		6E8B91F2295D2F5D00B0365B /* Extensions.swift */ = {isa = PBXFileReference; lastKnownFileType = sourcecode.swift; path = Extensions.swift; sourceTree = "<group>"; };
/* End PBXFileReference section */

/* Begin PBXFrameworksBuildPhase section */
		6E8B91BF295D2B6900B0365B /* Frameworks */ = {
			isa = PBXFrameworksBuildPhase;
			buildActionMask = 2147483647;
			files = (
			);
			runOnlyForDeploymentPostprocessing = 0;
		};
		6E8B91D0295D2B6A00B0365B /* Frameworks */ = {
			isa = PBXFrameworksBuildPhase;
			buildActionMask = 2147483647;
			files = (
			);
			runOnlyForDeploymentPostprocessing = 0;
		};
		6E8B91DA295D2B6A00B0365B /* Frameworks */ = {
			isa = PBXFrameworksBuildPhase;
			buildActionMask = 2147483647;
			files = (
			);
			runOnlyForDeploymentPostprocessing = 0;
		};
/* End PBXFrameworksBuildPhase section */

/* Begin PBXGroup section */
		6E8B91B9295D2B6900B0365B = {
			isa = PBXGroup;
			children = (
				6E8B91C4295D2B6900B0365B /* ReminderAbbyZoe */,
				6E8B91D6295D2B6A00B0365B /* ReminderAbbyZoeTests */,
				6E8B91E0295D2B6A00B0365B /* ReminderAbbyZoeUITests */,
				6E8B91C3295D2B6900B0365B /* Products */,
			);
			sourceTree = "<group>";
		};
		6E8B91C3295D2B6900B0365B /* Products */ = {
			isa = PBXGroup;
			children = (
				6E8B91C2295D2B6900B0365B /* ReminderAbbyZoe.app */,
				6E8B91D3295D2B6A00B0365B /* ReminderAbbyZoeTests.xctest */,
				6E8B91DD295D2B6A00B0365B /* ReminderAbbyZoeUITests.xctest */,
			);
			name = Products;
			sourceTree = "<group>";
		};
		6E8B91C4295D2B6900B0365B /* ReminderAbbyZoe */ = {
			isa = PBXGroup;
			children = (
				6E8B91C5295D2B6900B0365B /* ReminderAbbyZoeApp.swift */,
				6E8B91F0295D2B9C00B0365B /* DataStore.swift */,
				6E8B91C7295D2B6900B0365B /* ContentView.swift */,
				6E8B91F2295D2F5D00B0365B /* Extensions.swift */,
				6E8B91C9295D2B6A00B0365B /* Assets.xcassets */,
				6E8B91CB295D2B6A00B0365B /* ReminderAbbyZoe.entitlements */,
				6E8B91CC295D2B6A00B0365B /* Preview Content */,
			);
			path = ReminderAbbyZoe;
			sourceTree = "<group>";
		};
		6E8B91CC295D2B6A00B0365B /* Preview Content */ = {
			isa = PBXGroup;
			children = (
				6E8B91CD295D2B6A00B0365B /* Preview Assets.xcassets */,
			);
			path = "Preview Content";
			sourceTree = "<group>";
		};
		6E8B91D6295D2B6A00B0365B /* ReminderAbbyZoeTests */ = {
			isa = PBXGroup;
			children = (
				6E8B91D7295D2B6A00B0365B /* ReminderAbbyZoeTests.swift */,
			);
			path = ReminderAbbyZoeTests;
			sourceTree = "<group>";
		};
		6E8B91E0295D2B6A00B0365B /* ReminderAbbyZoeUITests */ = {
			isa = PBXGroup;
			children = (
				6E8B91E1295D2B6A00B0365B /* ReminderAbbyZoeUITests.swift */,
				6E8B91E3295D2B6A00B0365B /* ReminderAbbyZoeUITestsLaunchTests.swift */,
			);
			path = ReminderAbbyZoeUITests;
			sourceTree = "<group>";
		};
/* End PBXGroup section */

/* Begin PBXNativeTarget section */
		6E8B91C1295D2B6900B0365B /* ReminderAbbyZoe */ = {
			isa = PBXNativeTarget;
			buildConfigurationList = 6E8B91E7295D2B6A00B0365B /* Build configuration list for PBXNativeTarget "ReminderAbbyZoe" */;
			buildPhases = (
				6E8B91BE295D2B6900B0365B /* Sources */,
				6E8B91BF295D2B6900B0365B /* Frameworks */,
				6E8B91C0295D2B6900B0365B /* Resources */,
			);
			buildRules = (
			);
			dependencies = (
			);
			name = ReminderAbbyZoe;
			productName = ReminderAbbyZoe;
			productReference = 6E8B91C2295D2B6900B0365B /* ReminderAbbyZoe.app */;
			productType = "com.apple.product-type.application";
		};
		6E8B91D2295D2B6A00B0365B /* ReminderAbbyZoeTests */ = {
			isa = PBXNativeTarget;
			buildConfigurationList = 6E8B91EA295D2B6A00B0365B /* Build configuration list for PBXNativeTarget "ReminderAbbyZoeTests" */;
			buildPhases = (
				6E8B91CF295D2B6A00B0365B /* Sources */,
				6E8B91D0295D2B6A00B0365B /* Frameworks */,
				6E8B91D1295D2B6A00B0365B /* Resources */,
			);
			buildRules = (
			);
			dependencies = (
				6E8B91D5295D2B6A00B0365B /* PBXTargetDependency */,
			);
			name = ReminderAbbyZoeTests;
			productName = ReminderAbbyZoeTests;
			productReference = 6E8B91D3295D2B6A00B0365B /* ReminderAbbyZoeTests.xctest */;
			productType = "com.apple.product-type.bundle.unit-test";
		};
		6E8B91DC295D2B6A00B0365B /* ReminderAbbyZoeUITests */ = {
			isa = PBXNativeTarget;
			buildConfigurationList = 6E8B91ED295D2B6A00B0365B /* Build configuration list for PBXNativeTarget "ReminderAbbyZoeUITests" */;
			buildPhases = (
				6E8B91D9295D2B6A00B0365B /* Sources */,
				6E8B91DA295D2B6A00B0365B /* Frameworks */,
				6E8B91DB295D2B6A00B0365B /* Resources */,
			);
			buildRules = (
			);
			dependencies = (
				6E8B91DF295D2B6A00B0365B /* PBXTargetDependency */,
			);
			name = ReminderAbbyZoeUITests;
			productName = ReminderAbbyZoeUITests;
			productReference = 6E8B91DD295D2B6A00B0365B /* ReminderAbbyZoeUITests.xctest */;
			productType = "com.apple.product-type.bundle.ui-testing";
		};
/* End PBXNativeTarget section */

/* Begin PBXProject section */
		6E8B91BA295D2B6900B0365B /* Project object */ = {
			isa = PBXProject;
			attributes = {
				BuildIndependentTargetsInParallel = 1;
				LastSwiftUpdateCheck = 1400;
				LastUpgradeCheck = 1400;
				TargetAttributes = {
					6E8B91C1295D2B6900B0365B = {
						CreatedOnToolsVersion = 14.0.1;
					};
					6E8B91D2295D2B6A00B0365B = {
						CreatedOnToolsVersion = 14.0.1;
						TestTargetID = 6E8B91C1295D2B6900B0365B;
					};
					6E8B91DC295D2B6A00B0365B = {
						CreatedOnToolsVersion = 14.0.1;
						TestTargetID = 6E8B91C1295D2B6900B0365B;
					};
				};
			};
			buildConfigurationList = 6E8B91BD295D2B6900B0365B /* Build configuration list for PBXProject "ReminderAbbyZoe" */;
			compatibilityVersion = "Xcode 14.0";
			developmentRegion = en;
			hasScannedForEncodings = 0;
			knownRegions = (
				en,
				Base,
			);
			mainGroup = 6E8B91B9295D2B6900B0365B;
			productRefGroup = 6E8B91C3295D2B6900B0365B /* Products */;
			projectDirPath = "";
			projectRoot = "";
			targets = (
				6E8B91C1295D2B6900B0365B /* ReminderAbbyZoe */,
				6E8B91D2295D2B6A00B0365B /* ReminderAbbyZoeTests */,
				6E8B91DC295D2B6A00B0365B /* ReminderAbbyZoeUITests */,
			);
		};
/* End PBXProject section */

/* Begin PBXResourcesBuildPhase section */
		6E8B91C0295D2B6900B0365B /* Resources */ = {
			isa = PBXResourcesBuildPhase;
			buildActionMask = 2147483647;
			files = (
				6E8B91CE295D2B6A00B0365B /* Preview Assets.xcassets in Resources */,
				6E8B91CA295D2B6A00B0365B /* Assets.xcassets in Resources */,
			);
			runOnlyForDeploymentPostprocessing = 0;
		};
		6E8B91D1295D2B6A00B0365B /* Resources */ = {
			isa = PBXResourcesBuildPhase;
			buildActionMask = 2147483647;
			files = (
			);
			runOnlyForDeploymentPostprocessing = 0;
		};
		6E8B91DB295D2B6A00B0365B /* Resources */ = {
			isa = PBXResourcesBuildPhase;
			buildActionMask = 2147483647;
			files = (
			);
			runOnlyForDeploymentPostprocessing = 0;
		};
/* End PBXResourcesBuildPhase section */

/* Begin PBXSourcesBuildPhase section */
		6E8B91BE295D2B6900B0365B /* Sources */ = {
			isa = PBXSourcesBuildPhase;
			buildActionMask = 2147483647;
			files = (
				6E8B91C8295D2B6900B0365B /* ContentView.swift in Sources */,
				6E8B91F1295D2B9C00B0365B /* DataStore.swift in Sources */,
				6E8B91C6295D2B6900B0365B /* ReminderAbbyZoeApp.swift in Sources */,
				6E8B91F3295D2F5D00B0365B /* Extensions.swift in Sources */,
			);
			runOnlyForDeploymentPostprocessing = 0;
		};
		6E8B91CF295D2B6A00B0365B /* Sources */ = {
			isa = PBXSourcesBuildPhase;
			buildActionMask = 2147483647;
			files = (
				6E8B91D8295D2B6A00B0365B /* ReminderAbbyZoeTests.swift in Sources */,
			);
			runOnlyForDeploymentPostprocessing = 0;
		};
		6E8B91D9295D2B6A00B0365B /* Sources */ = {
			isa = PBXSourcesBuildPhase;
			buildActionMask = 2147483647;
			files = (
				6E8B91E2295D2B6A00B0365B /* ReminderAbbyZoeUITests.swift in Sources */,
				6E8B91E4295D2B6A00B0365B /* ReminderAbbyZoeUITestsLaunchTests.swift in Sources */,
			);
			runOnlyForDeploymentPostprocessing = 0;
		};
/* End PBXSourcesBuildPhase section */

/* Begin PBXTargetDependency section */
		6E8B91D5295D2B6A00B0365B /* PBXTargetDependency */ = {
			isa = PBXTargetDependency;
			target = 6E8B91C1295D2B6900B0365B /* ReminderAbbyZoe */;
			targetProxy = 6E8B91D4295D2B6A00B0365B /* PBXContainerItemProxy */;
		};
		6E8B91DF295D2B6A00B0365B /* PBXTargetDependency */ = {
			isa = PBXTargetDependency;
			target = 6E8B91C1295D2B6900B0365B /* ReminderAbbyZoe */;
			targetProxy = 6E8B91DE295D2B6A00B0365B /* PBXContainerItemProxy */;
		};
/* End PBXTargetDependency section */

/* Begin XCBuildConfiguration section */
		6E8B91E5295D2B6A00B0365B /* Debug */ = {
			isa = XCBuildConfiguration;
			buildSettings = {
				ALWAYS_SEARCH_USER_PATHS = NO;
				CLANG_ANALYZER_NONNULL = YES;
				CLANG_ANALYZER_NUMBER_OBJECT_CONVERSION = YES_AGGRESSIVE;
				CLANG_CXX_LANGUAGE_STANDARD = "gnu++20";
				CLANG_ENABLE_MODULES = YES;
				CLANG_ENABLE_OBJC_ARC = YES;
				CLANG_ENABLE_OBJC_WEAK = YES;
				CLANG_WARN_BLOCK_CAPTURE_AUTORELEASING = YES;
				CLANG_WARN_BOOL_CONVERSION = YES;
				CLANG_WARN_COMMA = YES;
				CLANG_WARN_CONSTANT_CONVERSION = YES;
				CLANG_WARN_DEPRECATED_OBJC_IMPLEMENTATIONS = YES;
				CLANG_WARN_DIRECT_OBJC_ISA_USAGE = YES_ERROR;
				CLANG_WARN_DOCUMENTATION_COMMENTS = YES;
				CLANG_WARN_EMPTY_BODY = YES;
				CLANG_WARN_ENUM_CONVERSION = YES;
				CLANG_WARN_INFINITE_RECURSION = YES;
				CLANG_WARN_INT_CONVERSION = YES;
				CLANG_WARN_NON_LITERAL_NULL_CONVERSION = YES;
				CLANG_WARN_OBJC_IMPLICIT_RETAIN_SELF = YES;
				CLANG_WARN_OBJC_LITERAL_CONVERSION = YES;
				CLANG_WARN_OBJC_ROOT_CLASS = YES_ERROR;
				CLANG_WARN_QUOTED_INCLUDE_IN_FRAMEWORK_HEADER = YES;
				CLANG_WARN_RANGE_LOOP_ANALYSIS = YES;
				CLANG_WARN_STRICT_PROTOTYPES = YES;
				CLANG_WARN_SUSPICIOUS_MOVE = YES;
				CLANG_WARN_UNGUARDED_AVAILABILITY = YES_AGGRESSIVE;
				CLANG_WARN_UNREACHABLE_CODE = YES;
				CLANG_WARN__DUPLICATE_METHOD_MATCH = YES;
				COPY_PHASE_STRIP = NO;
				DEBUG_INFORMATION_FORMAT = dwarf;
				ENABLE_STRICT_OBJC_MSGSEND = YES;
				ENABLE_TESTABILITY = YES;
				GCC_C_LANGUAGE_STANDARD = gnu11;
				GCC_DYNAMIC_NO_PIC = NO;
				GCC_NO_COMMON_BLOCKS = YES;
				GCC_OPTIMIZATION_LEVEL = 0;
				GCC_PREPROCESSOR_DEFINITIONS = (
					"DEBUG=1",
					"$(inherited)",
				);
				GCC_WARN_64_TO_32_BIT_CONVERSION = YES;
				GCC_WARN_ABOUT_RETURN_TYPE = YES_ERROR;
				GCC_WARN_UNDECLARED_SELECTOR = YES;
				GCC_WARN_UNINITIALIZED_AUTOS = YES_AGGRESSIVE;
				GCC_WARN_UNUSED_FUNCTION = YES;
				GCC_WARN_UNUSED_VARIABLE = YES;
				MTL_ENABLE_DEBUG_INFO = INCLUDE_SOURCE;
				MTL_FAST_MATH = YES;
				ONLY_ACTIVE_ARCH = YES;
				SWIFT_ACTIVE_COMPILATION_CONDITIONS = DEBUG;
				SWIFT_OPTIMIZATION_LEVEL = "-Onone";
			};
			name = Debug;
		};
		6E8B91E6295D2B6A00B0365B /* Release */ = {
			isa = XCBuildConfiguration;
			buildSettings = {
				ALWAYS_SEARCH_USER_PATHS = NO;
				CLANG_ANALYZER_NONNULL = YES;
				CLANG_ANALYZER_NUMBER_OBJECT_CONVERSION = YES_AGGRESSIVE;
				CLANG_CXX_LANGUAGE_STANDARD = "gnu++20";
				CLANG_ENABLE_MODULES = YES;
				CLANG_ENABLE_OBJC_ARC = YES;
				CLANG_ENABLE_OBJC_WEAK = YES;
				CLANG_WARN_BLOCK_CAPTURE_AUTORELEASING = YES;
				CLANG_WARN_BOOL_CONVERSION = YES;
				CLANG_WARN_COMMA = YES;
				CLANG_WARN_CONSTANT_CONVERSION = YES;
				CLANG_WARN_DEPRECATED_OBJC_IMPLEMENTATIONS = YES;
				CLANG_WARN_DIRECT_OBJC_ISA_USAGE = YES_ERROR;
				CLANG_WARN_DOCUMENTATION_COMMENTS = YES;
				CLANG_WARN_EMPTY_BODY = YES;
				CLANG_WARN_ENUM_CONVERSION = YES;
				CLANG_WARN_INFINITE_RECURSION = YES;
				CLANG_WARN_INT_CONVERSION = YES;
				CLANG_WARN_NON_LITERAL_NULL_CONVERSION = YES;
				CLANG_WARN_OBJC_IMPLICIT_RETAIN_SELF = YES;
				CLANG_WARN_OBJC_LITERAL_CONVERSION = YES;
				CLANG_WARN_OBJC_ROOT_CLASS = YES_ERROR;
				CLANG_WARN_QUOTED_INCLUDE_IN_FRAMEWORK_HEADER = YES;
				CLANG_WARN_RANGE_LOOP_ANALYSIS = YES;
				CLANG_WARN_STRICT_PROTOTYPES = YES;
				CLANG_WARN_SUSPICIOUS_MOVE = YES;
				CLANG_WARN_UNGUARDED_AVAILABILITY = YES_AGGRESSIVE;
				CLANG_WARN_UNREACHABLE_CODE = YES;
				CLANG_WARN__DUPLICATE_METHOD_MATCH = YES;
				COPY_PHASE_STRIP = NO;
				DEBUG_INFORMATION_FORMAT = "dwarf-with-dsym";
				ENABLE_NS_ASSERTIONS = NO;
				ENABLE_STRICT_OBJC_MSGSEND = YES;
				GCC_C_LANGUAGE_STANDARD = gnu11;
				GCC_NO_COMMON_BLOCKS = YES;
				GCC_WARN_64_TO_32_BIT_CONVERSION = YES;
				GCC_WARN_ABOUT_RETURN_TYPE = YES_ERROR;
				GCC_WARN_UNDECLARED_SELECTOR = YES;
				GCC_WARN_UNINITIALIZED_AUTOS = YES_AGGRESSIVE;
				GCC_WARN_UNUSED_FUNCTION = YES;
				GCC_WARN_UNUSED_VARIABLE = YES;
				MTL_ENABLE_DEBUG_INFO = NO;
				MTL_FAST_MATH = YES;
				SWIFT_COMPILATION_MODE = wholemodule;
				SWIFT_OPTIMIZATION_LEVEL = "-O";
			};
			name = Release;
		};
		6E8B91E8295D2B6A00B0365B /* Debug */ = {
			isa = XCBuildConfiguration;
			buildSettings = {
				ASSETCATALOG_COMPILER_APPICON_NAME = AppIcon;
				ASSETCATALOG_COMPILER_GLOBAL_ACCENT_COLOR_NAME = AccentColor;
				CODE_SIGN_ENTITLEMENTS = ReminderAbbyZoe/ReminderAbbyZoe.entitlements;
				CODE_SIGN_STYLE = Automatic;
				CURRENT_PROJECT_VERSION = 1;
				DEVELOPMENT_ASSET_PATHS = "\"ReminderAbbyZoe/Preview Content\"";
				DEVELOPMENT_TEAM = 429QZCGKD7;
				ENABLE_HARDENED_RUNTIME = YES;
				ENABLE_PREVIEWS = YES;
				GENERATE_INFOPLIST_FILE = YES;
				"INFOPLIST_KEY_UIApplicationSceneManifest_Generation[sdk=iphoneos*]" = YES;
				"INFOPLIST_KEY_UIApplicationSceneManifest_Generation[sdk=iphonesimulator*]" = YES;
				"INFOPLIST_KEY_UIApplicationSupportsIndirectInputEvents[sdk=iphoneos*]" = YES;
				"INFOPLIST_KEY_UIApplicationSupportsIndirectInputEvents[sdk=iphonesimulator*]" = YES;
				"INFOPLIST_KEY_UILaunchScreen_Generation[sdk=iphoneos*]" = YES;
				"INFOPLIST_KEY_UILaunchScreen_Generation[sdk=iphonesimulator*]" = YES;
				"INFOPLIST_KEY_UIStatusBarStyle[sdk=iphoneos*]" = UIStatusBarStyleDefault;
				"INFOPLIST_KEY_UIStatusBarStyle[sdk=iphonesimulator*]" = UIStatusBarStyleDefault;
				INFOPLIST_KEY_UISupportedInterfaceOrientations_iPad = "UIInterfaceOrientationPortrait UIInterfaceOrientationPortraitUpsideDown UIInterfaceOrientationLandscapeLeft UIInterfaceOrientationLandscapeRight";
				INFOPLIST_KEY_UISupportedInterfaceOrientations_iPhone = "UIInterfaceOrientationPortrait UIInterfaceOrientationLandscapeLeft UIInterfaceOrientationLandscapeRight";
				IPHONEOS_DEPLOYMENT_TARGET = 16.0;
				LD_RUNPATH_SEARCH_PATHS = "@executable_path/Frameworks";
				"LD_RUNPATH_SEARCH_PATHS[sdk=macosx*]" = "@executable_path/../Frameworks";
				MACOSX_DEPLOYMENT_TARGET = 12.3;
				MARKETING_VERSION = 1.0;
				PRODUCT_BUNDLE_IDENTIFIER = AbbyZoe.ReminderAbbyZoe;
				PRODUCT_NAME = "$(TARGET_NAME)";
				SDKROOT = auto;
				SUPPORTED_PLATFORMS = "iphoneos iphonesimulator macosx";
				SWIFT_EMIT_LOC_STRINGS = YES;
				SWIFT_VERSION = 5.0;
				TARGETED_DEVICE_FAMILY = "1,2";
			};
			name = Debug;
		};
		6E8B91E9295D2B6A00B0365B /* Release */ = {
			isa = XCBuildConfiguration;
			buildSettings = {
				ASSETCATALOG_COMPILER_APPICON_NAME = AppIcon;
				ASSETCATALOG_COMPILER_GLOBAL_ACCENT_COLOR_NAME = AccentColor;
				CODE_SIGN_ENTITLEMENTS = ReminderAbbyZoe/ReminderAbbyZoe.entitlements;
				CODE_SIGN_STYLE = Automatic;
				CURRENT_PROJECT_VERSION = 1;
				DEVELOPMENT_ASSET_PATHS = "\"ReminderAbbyZoe/Preview Content\"";
				DEVELOPMENT_TEAM = 429QZCGKD7;
				ENABLE_HARDENED_RUNTIME = YES;
				ENABLE_PREVIEWS = YES;
				GENERATE_INFOPLIST_FILE = YES;
				"INFOPLIST_KEY_UIApplicationSceneManifest_Generation[sdk=iphoneos*]" = YES;
				"INFOPLIST_KEY_UIApplicationSceneManifest_Generation[sdk=iphonesimulator*]" = YES;
				"INFOPLIST_KEY_UIApplicationSupportsIndirectInputEvents[sdk=iphoneos*]" = YES;
				"INFOPLIST_KEY_UIApplicationSupportsIndirectInputEvents[sdk=iphonesimulator*]" = YES;
				"INFOPLIST_KEY_UILaunchScreen_Generation[sdk=iphoneos*]" = YES;
				"INFOPLIST_KEY_UILaunchScreen_Generation[sdk=iphonesimulator*]" = YES;
				"INFOPLIST_KEY_UIStatusBarStyle[sdk=iphoneos*]" = UIStatusBarStyleDefault;
				"INFOPLIST_KEY_UIStatusBarStyle[sdk=iphonesimulator*]" = UIStatusBarStyleDefault;
				INFOPLIST_KEY_UISupportedInterfaceOrientations_iPad = "UIInterfaceOrientationPortrait UIInterfaceOrientationPortraitUpsideDown UIInterfaceOrientationLandscapeLeft UIInterfaceOrientationLandscapeRight";
				INFOPLIST_KEY_UISupportedInterfaceOrientations_iPhone = "UIInterfaceOrientationPortrait UIInterfaceOrientationLandscapeLeft UIInterfaceOrientationLandscapeRight";
				IPHONEOS_DEPLOYMENT_TARGET = 16.0;
				LD_RUNPATH_SEARCH_PATHS = "@executable_path/Frameworks";
				"LD_RUNPATH_SEARCH_PATHS[sdk=macosx*]" = "@executable_path/../Frameworks";
				MACOSX_DEPLOYMENT_TARGET = 12.3;
				MARKETING_VERSION = 1.0;
				PRODUCT_BUNDLE_IDENTIFIER = AbbyZoe.ReminderAbbyZoe;
				PRODUCT_NAME = "$(TARGET_NAME)";
				SDKROOT = auto;
				SUPPORTED_PLATFORMS = "iphoneos iphonesimulator macosx";
				SWIFT_EMIT_LOC_STRINGS = YES;
				SWIFT_VERSION = 5.0;
				TARGETED_DEVICE_FAMILY = "1,2";
			};
			name = Release;
		};
		6E8B91EB295D2B6A00B0365B /* Debug */ = {
			isa = XCBuildConfiguration;
			buildSettings = {
				ALWAYS_EMBED_SWIFT_STANDARD_LIBRARIES = YES;
				BUNDLE_LOADER = "$(TEST_HOST)";
				CODE_SIGN_STYLE = Automatic;
				CURRENT_PROJECT_VERSION = 1;
				DEVELOPMENT_TEAM = 429QZCGKD7;
				GENERATE_INFOPLIST_FILE = YES;
				IPHONEOS_DEPLOYMENT_TARGET = 16.0;
				MACOSX_DEPLOYMENT_TARGET = 12.3;
				MARKETING_VERSION = 1.0;
				PRODUCT_BUNDLE_IDENTIFIER = AbbyZoe.ReminderAbbyZoeTests;
				PRODUCT_NAME = "$(TARGET_NAME)";
				SDKROOT = auto;
				SUPPORTED_PLATFORMS = "iphoneos iphonesimulator macosx";
				SWIFT_EMIT_LOC_STRINGS = NO;
				SWIFT_VERSION = 5.0;
				TARGETED_DEVICE_FAMILY = "1,2";
				TEST_HOST = "$(BUILT_PRODUCTS_DIR)/ReminderAbbyZoe.app/$(BUNDLE_EXECUTABLE_FOLDER_PATH)/ReminderAbbyZoe";
			};
			name = Debug;
		};
		6E8B91EC295D2B6A00B0365B /* Release */ = {
			isa = XCBuildConfiguration;
			buildSettings = {
				ALWAYS_EMBED_SWIFT_STANDARD_LIBRARIES = YES;
				BUNDLE_LOADER = "$(TEST_HOST)";
				CODE_SIGN_STYLE = Automatic;
				CURRENT_PROJECT_VERSION = 1;
				DEVELOPMENT_TEAM = 429QZCGKD7;
				GENERATE_INFOPLIST_FILE = YES;
				IPHONEOS_DEPLOYMENT_TARGET = 16.0;
				MACOSX_DEPLOYMENT_TARGET = 12.3;
				MARKETING_VERSION = 1.0;
				PRODUCT_BUNDLE_IDENTIFIER = AbbyZoe.ReminderAbbyZoeTests;
				PRODUCT_NAME = "$(TARGET_NAME)";
				SDKROOT = auto;
				SUPPORTED_PLATFORMS = "iphoneos iphonesimulator macosx";
				SWIFT_EMIT_LOC_STRINGS = NO;
				SWIFT_VERSION = 5.0;
				TARGETED_DEVICE_FAMILY = "1,2";
				TEST_HOST = "$(BUILT_PRODUCTS_DIR)/ReminderAbbyZoe.app/$(BUNDLE_EXECUTABLE_FOLDER_PATH)/ReminderAbbyZoe";
			};
			name = Release;
		};
		6E8B91EE295D2B6A00B0365B /* Debug */ = {
			isa = XCBuildConfiguration;
			buildSettings = {
				ALWAYS_EMBED_SWIFT_STANDARD_LIBRARIES = YES;
				CODE_SIGN_STYLE = Automatic;
				CURRENT_PROJECT_VERSION = 1;
				DEVELOPMENT_TEAM = 429QZCGKD7;
				GENERATE_INFOPLIST_FILE = YES;
				IPHONEOS_DEPLOYMENT_TARGET = 16.0;
				MACOSX_DEPLOYMENT_TARGET = 12.3;
				MARKETING_VERSION = 1.0;
				PRODUCT_BUNDLE_IDENTIFIER = AbbyZoe.ReminderAbbyZoeUITests;
				PRODUCT_NAME = "$(TARGET_NAME)";
				SDKROOT = auto;
				SUPPORTED_PLATFORMS = "iphoneos iphonesimulator macosx";
				SWIFT_EMIT_LOC_STRINGS = NO;
				SWIFT_VERSION = 5.0;
				TARGETED_DEVICE_FAMILY = "1,2";
				TEST_TARGET_NAME = ReminderAbbyZoe;
			};
			name = Debug;
		};
		6E8B91EF295D2B6A00B0365B /* Release */ = {
			isa = XCBuildConfiguration;
			buildSettings = {
				ALWAYS_EMBED_SWIFT_STANDARD_LIBRARIES = YES;
				CODE_SIGN_STYLE = Automatic;
				CURRENT_PROJECT_VERSION = 1;
				DEVELOPMENT_TEAM = 429QZCGKD7;
				GENERATE_INFOPLIST_FILE = YES;
				IPHONEOS_DEPLOYMENT_TARGET = 16.0;
				MACOSX_DEPLOYMENT_TARGET = 12.3;
				MARKETING_VERSION = 1.0;
				PRODUCT_BUNDLE_IDENTIFIER = AbbyZoe.ReminderAbbyZoeUITests;
				PRODUCT_NAME = "$(TARGET_NAME)";
				SDKROOT = auto;
				SUPPORTED_PLATFORMS = "iphoneos iphonesimulator macosx";
				SWIFT_EMIT_LOC_STRINGS = NO;
				SWIFT_VERSION = 5.0;
				TARGETED_DEVICE_FAMILY = "1,2";
				TEST_TARGET_NAME = ReminderAbbyZoe;
			};
			name = Release;
		};
/* End XCBuildConfiguration section */

/* Begin XCConfigurationList section */
		6E8B91BD295D2B6900B0365B /* Build configuration list for PBXProject "ReminderAbbyZoe" */ = {
			isa = XCConfigurationList;
			buildConfigurations = (
				6E8B91E5295D2B6A00B0365B /* Debug */,
				6E8B91E6295D2B6A00B0365B /* Release */,
			);
			defaultConfigurationIsVisible = 0;
			defaultConfigurationName = Release;
		};
		6E8B91E7295D2B6A00B0365B /* Build configuration list for PBXNativeTarget "ReminderAbbyZoe" */ = {
			isa = XCConfigurationList;
			buildConfigurations = (
				6E8B91E8295D2B6A00B0365B /* Debug */,
				6E8B91E9295D2B6A00B0365B /* Release */,
			);
			defaultConfigurationIsVisible = 0;
			defaultConfigurationName = Release;
		};
		6E8B91EA295D2B6A00B0365B /* Build configuration list for PBXNativeTarget "ReminderAbbyZoeTests" */ = {
			isa = XCConfigurationList;
			buildConfigurations = (
				6E8B91EB295D2B6A00B0365B /* Debug */,
				6E8B91EC295D2B6A00B0365B /* Release */,
			);
			defaultConfigurationIsVisible = 0;
			defaultConfigurationName = Release;
		};
		6E8B91ED295D2B6A00B0365B /* Build configuration list for PBXNativeTarget "ReminderAbbyZoeUITests" */ = {
			isa = XCConfigurationList;
			buildConfigurations = (
				6E8B91EE295D2B6A00B0365B /* Debug */,
				6E8B91EF295D2B6A00B0365B /* Release */,
			);
			defaultConfigurationIsVisible = 0;
			defaultConfigurationName = Release;
		};
/* End XCConfigurationList section */
	};
	rootObject = 6E8B91BA295D2B6900B0365B /* Project object */;
}
